
Microsoft Visual Studio Solution File, Format Version 12.00
# Visual Studio Version 16
VisualStudioVersion = 16.0.31112.23
MinimumVisualStudioVersion = 10.0.40219.1
Project("{9A19103F-16F7-4668-BE54-9A1E7A4F7556}") = "SaveDetailWithTitleAndDocNum", "SaveDetailWithTitleAndDocNum\SaveDetailWithTitleAndDocNum.csproj", "{77E700BF-F304-4E42-8B20-2131DD031A14}"
EndProject
Project("{FAE04EC0-301F-11D3-BF4B-00C04F79EFBC}") = "SaveSheetMetalDraftAsPDFandDXF", "SaveAsPDFandDXF\SaveSheetMetalDraftAsPDFandDXF.csproj", "{B6F80884-719F-48B5-8CC3-00106F13E9CD}"
EndProject
Project("{9A19103F-16F7-4668-BE54-9A1E7A4F7556}") = "RemoveCenterlinesFromDetail", "RemoveCenterlinesFromDetail\RemoveCenterlinesFromDetail.csproj", "{AA74073B-D31B-4C0B-AFDC-E2B0560DCB52}"
EndProject
Global
	GlobalSection(SolutionConfigurationPlatforms) = preSolution
		Debug|Any CPU = Debug|Any CPU
		Release|Any CPU = Release|Any CPU
	EndGlobalSection
	GlobalSection(ProjectConfigurationPlatforms) = postSolution
		{77E700BF-F304-4E42-8B20-2131DD031A14}.Debug|Any CPU.ActiveCfg = Debug|Any CPU
		{77E700BF-F304-4E42-8B20-2131DD031A14}.Debug|Any CPU.Build.0 = Debug|Any CPU
		{77E700BF-F304-4E42-8B20-2131DD031A14}.Release|Any CPU.ActiveCfg = Release|Any CPU
		{77E700BF-F304-4E42-8B20-2131DD031A14}.Release|Any CPU.Build.0 = Release|Any CPU
		{B6F80884-719F-48B5-8CC3-00106F13E9CD}.Debug|Any CPU.ActiveCfg = Debug|Any CPU
		{B6F80884-719F-48B5-8CC3-00106F13E9CD}.Debug|Any CPU.Build.0 = Debug|Any CPU
		{B6F80884-719F-48B5-8CC3-00106F13E9CD}.Release|Any CPU.ActiveCfg = Release|Any CPU
		{B6F80884-719F-48B5-8CC3-00106F13E9CD}.Release|Any CPU.Build.0 = Release|Any CPU
		{AA74073B-D31B-4C0B-AFDC-E2B0560DCB52}.Debug|Any CPU.ActiveCfg = Debug|Any CPU
		{AA74073B-D31B-4C0B-AFDC-E2B0560DCB52}.Debug|Any CPU.Build.0 = Debug|Any CPU
		{AA74073B-D31B-4C0B-AFDC-E2B0560DCB52}.Release|Any CPU.ActiveCfg = Release|Any CPU
		{AA74073B-D31B-4C0B-AFDC-E2B0560DCB52}.Release|Any CPU.Build.0 = Release|Any CPU
	EndGlobalSection
	GlobalSection(SolutionProperties) = preSolution
		HideSolutionNode = FALSE
	EndGlobalSection
	GlobalSection(ExtensibilityGlobals) = postSolution
		SolutionGuid = {7B9D8608-1CE2-4949-AD16-4ED8A20EE6BF}
	EndGlobalSection
EndGlobal
